
Microsoft Visual Studio Solution File, Format Version 12.00
# Visual Studio 14
VisualStudioVersion = 14.0.25123.0
MinimumVisualStudioVersion = 10.0.40219.1
Project("{FAE04EC0-301F-11D3-BF4B-00C04F79EFBC}") = "Calculator", "Calculator\Calculator\Calculator.csproj", "{FF1CB79F-A8B9-405C-9BC1-86D466A063F1}"
EndProject
Project("{FAE04EC0-301F-11D3-BF4B-00C04F79EFBC}") = "CalculatorLib", "Calculator\CalculatorLib\CalculatorLib.csproj", "{FB0437EE-BA18-496B-972A-1783BE532286}"
EndProject
Project("{96E2B04D-8817-42C6-938A-82C39BA4D311}") = "CalculatorLibContent", "Calculator\CalculatorLibContent\CalculatorLibContent.contentproj", "{CC13765F-E711-4FD2-9F38-99232D52409A}"
EndProject
Global
	GlobalSection(SolutionConfigurationPlatforms) = preSolution
		Debug|Any CPU = Debug|Any CPU
		Debug|ARM = Debug|ARM
		Debug|Mixed Platforms = Debug|Mixed Platforms
		Debug|Windows Phone = Debug|Windows Phone
		Debug|x86 = Debug|x86
		Release|Any CPU = Release|Any CPU
		Release|ARM = Release|ARM
		Release|Mixed Platforms = Release|Mixed Platforms
		Release|Windows Phone = Release|Windows Phone
		Release|x86 = Release|x86
	EndGlobalSection
	GlobalSection(ProjectConfigurationPlatforms) = postSolution
		{FF1CB79F-A8B9-405C-9BC1-86D466A063F1}.Debug|Any CPU.ActiveCfg = Debug|Any CPU
		{FF1CB79F-A8B9-405C-9BC1-86D466A063F1}.Debug|Any CPU.Build.0 = Debug|Any CPU
		{FF1CB79F-A8B9-405C-9BC1-86D466A063F1}.Debug|Any CPU.Deploy.0 = Debug|Any CPU
		{FF1CB79F-A8B9-405C-9BC1-86D466A063F1}.Debug|ARM.ActiveCfg = Debug|ARM
		{FF1CB79F-A8B9-405C-9BC1-86D466A063F1}.Debug|ARM.Build.0 = Debug|ARM
		{FF1CB79F-A8B9-405C-9BC1-86D466A063F1}.Debug|ARM.Deploy.0 = Debug|ARM
		{FF1CB79F-A8B9-405C-9BC1-86D466A063F1}.Debug|Mixed Platforms.ActiveCfg = Debug|Any CPU
		{FF1CB79F-A8B9-405C-9BC1-86D466A063F1}.Debug|Mixed Platforms.Build.0 = Debug|Any CPU
		{FF1CB79F-A8B9-405C-9BC1-86D466A063F1}.Debug|Mixed Platforms.Deploy.0 = Debug|Any CPU
		{FF1CB79F-A8B9-405C-9BC1-86D466A063F1}.Debug|Windows Phone.ActiveCfg = Debug|Any CPU
		{FF1CB79F-A8B9-405C-9BC1-86D466A063F1}.Debug|x86.ActiveCfg = Debug|x86
		{FF1CB79F-A8B9-405C-9BC1-86D466A063F1}.Debug|x86.Build.0 = Debug|x86
		{FF1CB79F-A8B9-405C-9BC1-86D466A063F1}.Debug|x86.Deploy.0 = Debug|x86
		{FF1CB79F-A8B9-405C-9BC1-86D466A063F1}.Release|Any CPU.ActiveCfg = Release|Any CPU
		{FF1CB79F-A8B9-405C-9BC1-86D466A063F1}.Release|Any CPU.Build.0 = Release|Any CPU
		{FF1CB79F-A8B9-405C-9BC1-86D466A063F1}.Release|Any CPU.Deploy.0 = Release|Any CPU
		{FF1CB79F-A8B9-405C-9BC1-86D466A063F1}.Release|ARM.ActiveCfg = Release|ARM
		{FF1CB79F-A8B9-405C-9BC1-86D466A063F1}.Release|ARM.Build.0 = Release|ARM
		{FF1CB79F-A8B9-405C-9BC1-86D466A063F1}.Release|ARM.Deploy.0 = Release|ARM
		{FF1CB79F-A8B9-405C-9BC1-86D466A063F1}.Release|Mixed Platforms.ActiveCfg = Release|Any CPU
		{FF1CB79F-A8B9-405C-9BC1-86D466A063F1}.Release|Mixed Platforms.Build.0 = Release|Any CPU
		{FF1CB79F-A8B9-405C-9BC1-86D466A063F1}.Release|Mixed Platforms.Deploy.0 = Release|Any CPU
		{FF1CB79F-A8B9-405C-9BC1-86D466A063F1}.Release|Windows Phone.ActiveCfg = Release|Any CPU
		{FF1CB79F-A8B9-405C-9BC1-86D466A063F1}.Release|x86.ActiveCfg = Release|x86
		{FF1CB79F-A8B9-405C-9BC1-86D466A063F1}.Release|x86.Build.0 = Release|x86
		{FF1CB79F-A8B9-405C-9BC1-86D466A063F1}.Release|x86.Deploy.0 = Release|x86
		{FB0437EE-BA18-496B-972A-1783BE532286}.Debug|Any CPU.ActiveCfg = Debug|Windows Phone
		{FB0437EE-BA18-496B-972A-1783BE532286}.Debug|ARM.ActiveCfg = Debug|Windows Phone
		{FB0437EE-BA18-496B-972A-1783BE532286}.Debug|Mixed Platforms.ActiveCfg = Debug|Windows Phone
		{FB0437EE-BA18-496B-972A-1783BE532286}.Debug|Mixed Platforms.Build.0 = Debug|Windows Phone
		{FB0437EE-BA18-496B-972A-1783BE532286}.Debug|Windows Phone.ActiveCfg = Debug|Windows Phone
		{FB0437EE-BA18-496B-972A-1783BE532286}.Debug|Windows Phone.Build.0 = Debug|Windows Phone
		{FB0437EE-BA18-496B-972A-1783BE532286}.Debug|x86.ActiveCfg = Debug|Windows Phone
		{FB0437EE-BA18-496B-972A-1783BE532286}.Release|Any CPU.ActiveCfg = Release|Windows Phone
		{FB0437EE-BA18-496B-972A-1783BE532286}.Release|ARM.ActiveCfg = Release|Windows Phone
		{FB0437EE-BA18-496B-972A-1783BE532286}.Release|Mixed Platforms.ActiveCfg = Release|Windows Phone
		{FB0437EE-BA18-496B-972A-1783BE532286}.Release|Mixed Platforms.Build.0 = Release|Windows Phone
		{FB0437EE-BA18-496B-972A-1783BE532286}.Release|Windows Phone.ActiveCfg = Release|Windows Phone
		{FB0437EE-BA18-496B-972A-1783BE532286}.Release|Windows Phone.Build.0 = Release|Windows Phone
		{FB0437EE-BA18-496B-972A-1783BE532286}.Release|x86.ActiveCfg = Release|Windows Phone
		{CC13765F-E711-4FD2-9F38-99232D52409A}.Debug|Any CPU.ActiveCfg = Debug|Windows Phone
		{CC13765F-E711-4FD2-9F38-99232D52409A}.Debug|ARM.ActiveCfg = Debug|Windows Phone
		{CC13765F-E711-4FD2-9F38-99232D52409A}.Debug|Mixed Platforms.ActiveCfg = Debug|Windows Phone
		{CC13765F-E711-4FD2-9F38-99232D52409A}.Debug|Windows Phone.ActiveCfg = Debug|Windows Phone
		{CC13765F-E711-4FD2-9F38-99232D52409A}.Debug|x86.ActiveCfg = Debug|Windows Phone
		{CC13765F-E711-4FD2-9F38-99232D52409A}.Release|Any CPU.ActiveCfg = Release|Windows Phone
		{CC13765F-E711-4FD2-9F38-99232D52409A}.Release|ARM.ActiveCfg = Release|Windows Phone
		{CC13765F-E711-4FD2-9F38-99232D52409A}.Release|Mixed Platforms.ActiveCfg = Release|Windows Phone
		{CC13765F-E711-4FD2-9F38-99232D52409A}.Release|Windows Phone.ActiveCfg = Release|Windows Phone
		{CC13765F-E711-4FD2-9F38-99232D52409A}.Release|x86.ActiveCfg = Release|Windows Phone
	EndGlobalSection
	GlobalSection(SolutionProperties) = preSolution
		HideSolutionNode = FALSE
	EndGlobalSection
EndGlobal
